// !$*UTF8*$!
{
	archiveVersion = 1;
	classes = {
	};
	objectVersion = 55;
	objects = {

/* Begin PBXBuildFile section */
		7623D1C6289D9C2100C57876 /* CollectionViewTableViewCell.swift in Sources */ = {isa = PBXBuildFile; fileRef = 7623D1C5289D9C2100C57876 /* CollectionViewTableViewCell.swift */; };
		762931A3289E6A4E00A3B4BC /* HeroHeaderUIView.swift in Sources */ = {isa = PBXBuildFile; fileRef = 762931A2289E6A4E00A3B4BC /* HeroHeaderUIView.swift */; };
		762931A5289E9C7000A3B4BC /* APICaller.swift in Sources */ = {isa = PBXBuildFile; fileRef = 762931A4289E9C7000A3B4BC /* APICaller.swift */; };
		762931A7289EA36500A3B4BC /* Title.swift in Sources */ = {isa = PBXBuildFile; fileRef = 762931A6289EA36500A3B4BC /* Title.swift */; };
		762931A9289EB28A00A3B4BC /* Extensions.swift in Sources */ = {isa = PBXBuildFile; fileRef = 762931A8289EB28A00A3B4BC /* Extensions.swift */; };
		762931AD289EC03700A3B4BC /* TitleCollectionViewCell.swift in Sources */ = {isa = PBXBuildFile; fileRef = 762931AC289EC03700A3B4BC /* TitleCollectionViewCell.swift */; };
		762931B0289EC20200A3B4BC /* SDWebImage in Frameworks */ = {isa = PBXBuildFile; productRef = 762931AF289EC20200A3B4BC /* SDWebImage */; };
		762931B2289EC20200A3B4BC /* SDWebImageMapKit in Frameworks */ = {isa = PBXBuildFile; productRef = 762931B1289EC20200A3B4BC /* SDWebImageMapKit */; };
		766A4E74289C203000B96A20 /* AppDelegate.swift in Sources */ = {isa = PBXBuildFile; fileRef = 766A4E73289C203000B96A20 /* AppDelegate.swift */; };
		766A4E76289C203000B96A20 /* SceneDelegate.swift in Sources */ = {isa = PBXBuildFile; fileRef = 766A4E75289C203000B96A20 /* SceneDelegate.swift */; };
		766A4E78289C203000B96A20 /* MainTabBarViewController.swift in Sources */ = {isa = PBXBuildFile; fileRef = 766A4E77289C203000B96A20 /* MainTabBarViewController.swift */; };
		766A4E7D289C203300B96A20 /* Assets.xcassets in Resources */ = {isa = PBXBuildFile; fileRef = 766A4E7C289C203300B96A20 /* Assets.xcassets */; };
		766A4E80289C203300B96A20 /* LaunchScreen.storyboard in Resources */ = {isa = PBXBuildFile; fileRef = 766A4E7E289C203300B96A20 /* LaunchScreen.storyboard */; };
		766A4E89289C290800B96A20 /* HomeViewController.swift in Sources */ = {isa = PBXBuildFile; fileRef = 766A4E88289C290800B96A20 /* HomeViewController.swift */; };
		766A4E8B289C297A00B96A20 /* UpcomingViewController.swift in Sources */ = {isa = PBXBuildFile; fileRef = 766A4E8A289C297A00B96A20 /* UpcomingViewController.swift */; };
		766A4E8D289C2A4C00B96A20 /* SearchViewController.swift in Sources */ = {isa = PBXBuildFile; fileRef = 766A4E8C289C2A4C00B96A20 /* SearchViewController.swift */; };
		766A4E8F289C2A8100B96A20 /* DownloadsViewController.swift in Sources */ = {isa = PBXBuildFile; fileRef = 766A4E8E289C2A8100B96A20 /* DownloadsViewController.swift */; };
		768C3FE2289FC7A500C8F75F /* TitleTableViewCell.swift in Sources */ = {isa = PBXBuildFile; fileRef = 768C3FE1289FC7A500C8F75F /* TitleTableViewCell.swift */; };
		768C3FE4289FCCCC00C8F75F /* TitleViewModel.swift in Sources */ = {isa = PBXBuildFile; fileRef = 768C3FE3289FCCCC00C8F75F /* TitleViewModel.swift */; };
		76B0F93128A2C6A200FDECC0 /* TitlePreviewViewModel.swift in Sources */ = {isa = PBXBuildFile; fileRef = 76B0F93028A2C6A200FDECC0 /* TitlePreviewViewModel.swift */; };
		76D5D34D28A17D350024DBE9 /* SearchResultsViewController.swift in Sources */ = {isa = PBXBuildFile; fileRef = 76D5D34C28A17D350024DBE9 /* SearchResultsViewController.swift */; };
		76D5D35128A190490024DBE9 /* YoutubeSearchResponse.swift in Sources */ = {isa = PBXBuildFile; fileRef = 76D5D35028A190490024DBE9 /* YoutubeSearchResponse.swift */; };
		76D5D35328A19E470024DBE9 /* TitlePreviewViewController.swift in Sources */ = {isa = PBXBuildFile; fileRef = 76D5D35228A19E470024DBE9 /* TitlePreviewViewController.swift */; };
		76F637B328A4142700F8B820 /* NetflixCloneModel.xcdatamodeld in Sources */ = {isa = PBXBuildFile; fileRef = 76F637B128A4142700F8B820 /* NetflixCloneModel.xcdatamodeld */; };
		76F637B528A415FD00F8B820 /* DataPersistenceManager.swift in Sources */ = {isa = PBXBuildFile; fileRef = 76F637B428A415FD00F8B820 /* DataPersistenceManager.swift */; };
/* End PBXBuildFile section */

/* Begin PBXFileReference section */
		7623D1C5289D9C2100C57876 /* CollectionViewTableViewCell.swift */ = {isa = PBXFileReference; lastKnownFileType = sourcecode.swift; path = CollectionViewTableViewCell.swift; sourceTree = "<group>"; };
		762931A2289E6A4E00A3B4BC /* HeroHeaderUIView.swift */ = {isa = PBXFileReference; lastKnownFileType = sourcecode.swift; path = HeroHeaderUIView.swift; sourceTree = "<group>"; };
		762931A4289E9C7000A3B4BC /* APICaller.swift */ = {isa = PBXFileReference; lastKnownFileType = sourcecode.swift; path = APICaller.swift; sourceTree = "<group>"; };
		762931A6289EA36500A3B4BC /* Title.swift */ = {isa = PBXFileReference; lastKnownFileType = sourcecode.swift; path = Title.swift; sourceTree = "<group>"; };
		762931A8289EB28A00A3B4BC /* Extensions.swift */ = {isa = PBXFileReference; lastKnownFileType = sourcecode.swift; path = Extensions.swift; sourceTree = "<group>"; };
		762931AC289EC03700A3B4BC /* TitleCollectionViewCell.swift */ = {isa = PBXFileReference; lastKnownFileType = sourcecode.swift; path = TitleCollectionViewCell.swift; sourceTree = "<group>"; };
		766A4E70289C203000B96A20 /* Netflix_Clone.app */ = {isa = PBXFileReference; explicitFileType = wrapper.application; includeInIndex = 0; path = Netflix_Clone.app; sourceTree = BUILT_PRODUCTS_DIR; };
		766A4E73289C203000B96A20 /* AppDelegate.swift */ = {isa = PBXFileReference; lastKnownFileType = sourcecode.swift; path = AppDelegate.swift; sourceTree = "<group>"; };
		766A4E75289C203000B96A20 /* SceneDelegate.swift */ = {isa = PBXFileReference; lastKnownFileType = sourcecode.swift; path = SceneDelegate.swift; sourceTree = "<group>"; };
		766A4E77289C203000B96A20 /* MainTabBarViewController.swift */ = {isa = PBXFileReference; lastKnownFileType = sourcecode.swift; path = MainTabBarViewController.swift; sourceTree = "<group>"; };
		766A4E7C289C203300B96A20 /* Assets.xcassets */ = {isa = PBXFileReference; lastKnownFileType = folder.assetcatalog; path = Assets.xcassets; sourceTree = "<group>"; };
		766A4E7F289C203300B96A20 /* Base */ = {isa = PBXFileReference; lastKnownFileType = file.storyboard; name = Base; path = Base.lproj/LaunchScreen.storyboard; sourceTree = "<group>"; };
		766A4E81289C203300B96A20 /* Info.plist */ = {isa = PBXFileReference; lastKnownFileType = text.plist.xml; path = Info.plist; sourceTree = "<group>"; };
		766A4E88289C290800B96A20 /* HomeViewController.swift */ = {isa = PBXFileReference; lastKnownFileType = sourcecode.swift; path = HomeViewController.swift; sourceTree = "<group>"; };
		766A4E8A289C297A00B96A20 /* UpcomingViewController.swift */ = {isa = PBXFileReference; lastKnownFileType = sourcecode.swift; path = UpcomingViewController.swift; sourceTree = "<group>"; };
		766A4E8C289C2A4C00B96A20 /* SearchViewController.swift */ = {isa = PBXFileReference; lastKnownFileType = sourcecode.swift; path = SearchViewController.swift; sourceTree = "<group>"; };
		766A4E8E289C2A8100B96A20 /* DownloadsViewController.swift */ = {isa = PBXFileReference; lastKnownFileType = sourcecode.swift; path = DownloadsViewController.swift; sourceTree = "<group>"; };
		768C3FE1289FC7A500C8F75F /* TitleTableViewCell.swift */ = {isa = PBXFileReference; lastKnownFileType = sourcecode.swift; path = TitleTableViewCell.swift; sourceTree = "<group>"; };
		768C3FE3289FCCCC00C8F75F /* TitleViewModel.swift */ = {isa = PBXFileReference; lastKnownFileType = sourcecode.swift; path = TitleViewModel.swift; sourceTree = "<group>"; };
		76B0F93028A2C6A200FDECC0 /* TitlePreviewViewModel.swift */ = {isa = PBXFileReference; lastKnownFileType = sourcecode.swift; path = TitlePreviewViewModel.swift; sourceTree = "<group>"; };
		76D5D34C28A17D350024DBE9 /* SearchResultsViewController.swift */ = {isa = PBXFileReference; lastKnownFileType = sourcecode.swift; path = SearchResultsViewController.swift; sourceTree = "<group>"; };
		76D5D35028A190490024DBE9 /* YoutubeSearchResponse.swift */ = {isa = PBXFileReference; lastKnownFileType = sourcecode.swift; path = YoutubeSearchResponse.swift; sourceTree = "<group>"; };
		76D5D35228A19E470024DBE9 /* TitlePreviewViewController.swift */ = {isa = PBXFileReference; lastKnownFileType = sourcecode.swift; path = TitlePreviewViewController.swift; sourceTree = "<group>"; };
		76F637B228A4142700F8B820 /* NetflixCloneModel.xcdatamodel */ = {isa = PBXFileReference; lastKnownFileType = wrapper.xcdatamodel; path = NetflixCloneModel.xcdatamodel; sourceTree = "<group>"; };
		76F637B428A415FD00F8B820 /* DataPersistenceManager.swift */ = {isa = PBXFileReference; lastKnownFileType = sourcecode.swift; path = DataPersistenceManager.swift; sourceTree = "<group>"; };
/* End PBXFileReference section */

/* Begin PBXFrameworksBuildPhase section */
		766A4E6D289C203000B96A20 /* Frameworks */ = {
			isa = PBXFrameworksBuildPhase;
			buildActionMask = 2147483647;
			files = (
				762931B2289EC20200A3B4BC /* SDWebImageMapKit in Frameworks */,
				762931B0289EC20200A3B4BC /* SDWebImage in Frameworks */,
			);
			runOnlyForDeploymentPostprocessing = 0;
		};
/* End PBXFrameworksBuildPhase section */

/* Begin PBXGroup section */
		7623D1C0289D9B3C00C57876 /* Models */ = {
			isa = PBXGroup;
			children = (
				762931A6289EA36500A3B4BC /* Title.swift */,
				76D5D35028A190490024DBE9 /* YoutubeSearchResponse.swift */,
			);
			path = Models;
			sourceTree = "<group>";
		};
		7623D1C1289D9B4500C57876 /* Views */ = {
			isa = PBXGroup;
			children = (
				7623D1C5289D9C2100C57876 /* CollectionViewTableViewCell.swift */,
				762931A2289E6A4E00A3B4BC /* HeroHeaderUIView.swift */,
				762931AC289EC03700A3B4BC /* TitleCollectionViewCell.swift */,
				768C3FE1289FC7A500C8F75F /* TitleTableViewCell.swift */,
			);
			name = Views;
			sourceTree = "<group>";
		};
		7623D1C2289D9B5100C57876 /* ViewModels */ = {
			isa = PBXGroup;
			children = (
				768C3FE3289FCCCC00C8F75F /* TitleViewModel.swift */,
				76B0F93028A2C6A200FDECC0 /* TitlePreviewViewModel.swift */,
			);
			path = ViewModels;
			sourceTree = "<group>";
		};
		7623D1C3289D9B8B00C57876 /* Resources */ = {
			isa = PBXGroup;
			children = (
				762931A8289EB28A00A3B4BC /* Extensions.swift */,
				766A4E73289C203000B96A20 /* AppDelegate.swift */,
				766A4E75289C203000B96A20 /* SceneDelegate.swift */,
			);
			path = Resources;
			sourceTree = "<group>";
		};
		7623D1C4289D9B9500C57876 /* Managers */ = {
			isa = PBXGroup;
			children = (
				762931A4289E9C7000A3B4BC /* APICaller.swift */,
				76F637B428A415FD00F8B820 /* DataPersistenceManager.swift */,
			);
			path = Managers;
			sourceTree = "<group>";
		};
		766A4E67289C203000B96A20 = {
			isa = PBXGroup;
			children = (
				766A4E72289C203000B96A20 /* Netflix_Clone */,
				766A4E71289C203000B96A20 /* Products */,
			);
			sourceTree = "<group>";
		};
		766A4E71289C203000B96A20 /* Products */ = {
			isa = PBXGroup;
			children = (
				766A4E70289C203000B96A20 /* Netflix_Clone.app */,
			);
			name = Products;
			sourceTree = "<group>";
		};
		766A4E72289C203000B96A20 /* Netflix_Clone */ = {
			isa = PBXGroup;
			children = (
				7623D1C4289D9B9500C57876 /* Managers */,
				7623D1C3289D9B8B00C57876 /* Resources */,
				7623D1C0289D9B3C00C57876 /* Models */,
				7623D1C1289D9B4500C57876 /* Views */,
				7623D1C2289D9B5100C57876 /* ViewModels */,
				766A4E87289C28CB00B96A20 /* Controllers */,
				766A4E7C289C203300B96A20 /* Assets.xcassets */,
				766A4E7E289C203300B96A20 /* LaunchScreen.storyboard */,
				766A4E81289C203300B96A20 /* Info.plist */,
				76F637B128A4142700F8B820 /* NetflixCloneModel.xcdatamodeld */,
			);
			path = Netflix_Clone;
			sourceTree = "<group>";
		};
		766A4E87289C28CB00B96A20 /* Controllers */ = {
			isa = PBXGroup;
			children = (
				76D5D34F28A17D900024DBE9 /* General */,
				76D5D34E28A17D5F0024DBE9 /* Core */,
			);
			path = Controllers;
			sourceTree = "<group>";
		};
		76D5D34E28A17D5F0024DBE9 /* Core */ = {
			isa = PBXGroup;
			children = (
				766A4E88289C290800B96A20 /* HomeViewController.swift */,
				766A4E8A289C297A00B96A20 /* UpcomingViewController.swift */,
				766A4E8C289C2A4C00B96A20 /* SearchViewController.swift */,
				766A4E8E289C2A8100B96A20 /* DownloadsViewController.swift */,
				766A4E77289C203000B96A20 /* MainTabBarViewController.swift */,
			);
			name = Core;
			sourceTree = "<group>";
		};
		76D5D34F28A17D900024DBE9 /* General */ = {
			isa = PBXGroup;
			children = (
				76D5D34C28A17D350024DBE9 /* SearchResultsViewController.swift */,
				76D5D35228A19E470024DBE9 /* TitlePreviewViewController.swift */,
			);
			name = General;
			sourceTree = "<group>";
		};
/* End PBXGroup section */

/* Begin PBXNativeTarget section */
		766A4E6F289C203000B96A20 /* Netflix_Clone */ = {
			isa = PBXNativeTarget;
			buildConfigurationList = 766A4E84289C203300B96A20 /* Build configuration list for PBXNativeTarget "Netflix_Clone" */;
			buildPhases = (
				766A4E6C289C203000B96A20 /* Sources */,
				766A4E6D289C203000B96A20 /* Frameworks */,
				766A4E6E289C203000B96A20 /* Resources */,
			);
			buildRules = (
			);
			dependencies = (
			);
			name = Netflix_Clone;
			packageProductDependencies = (
				762931AF289EC20200A3B4BC /* SDWebImage */,
				762931B1289EC20200A3B4BC /* SDWebImageMapKit */,
			);
			productName = Netflix_Clone;
			productReference = 766A4E70289C203000B96A20 /* Netflix_Clone.app */;
			productType = "com.apple.product-type.application";
		};
/* End PBXNativeTarget section */

/* Begin PBXProject section */
		766A4E68289C203000B96A20 /* Project object */ = {
			isa = PBXProject;
			attributes = {
				BuildIndependentTargetsInParallel = 1;
				LastSwiftUpdateCheck = 1340;
				LastUpgradeCheck = 1340;
				TargetAttributes = {
					766A4E6F289C203000B96A20 = {
						CreatedOnToolsVersion = 13.4.1;
					};
				};
			};
			buildConfigurationList = 766A4E6B289C203000B96A20 /* Build configuration list for PBXProject "Netflix_Clone" */;
			compatibilityVersion = "Xcode 13.0";
			developmentRegion = en;
			hasScannedForEncodings = 0;
			knownRegions = (
				en,
				Base,
			);
			mainGroup = 766A4E67289C203000B96A20;
			packageReferences = (
				762931AE289EC20200A3B4BC /* XCRemoteSwiftPackageReference "SDWebImage" */,
			);
			productRefGroup = 766A4E71289C203000B96A20 /* Products */;
			projectDirPath = "";
			projectRoot = "";
			targets = (
				766A4E6F289C203000B96A20 /* Netflix_Clone */,
			);
		};
/* End PBXProject section */

/* Begin PBXResourcesBuildPhase section */
		766A4E6E289C203000B96A20 /* Resources */ = {
			isa = PBXResourcesBuildPhase;
			buildActionMask = 2147483647;
			files = (
				766A4E80289C203300B96A20 /* LaunchScreen.storyboard in Resources */,
				766A4E7D289C203300B96A20 /* Assets.xcassets in Resources */,
			);
			runOnlyForDeploymentPostprocessing = 0;
		};
/* End PBXResourcesBuildPhase section */

/* Begin PBXSourcesBuildPhase section */
		766A4E6C289C203000B96A20 /* Sources */ = {
			isa = PBXSourcesBuildPhase;
			buildActionMask = 2147483647;
			files = (
				768C3FE2289FC7A500C8F75F /* TitleTableViewCell.swift in Sources */,
				766A4E8D289C2A4C00B96A20 /* SearchViewController.swift in Sources */,
				762931AD289EC03700A3B4BC /* TitleCollectionViewCell.swift in Sources */,
				76F637B528A415FD00F8B820 /* DataPersistenceManager.swift in Sources */,
				766A4E78289C203000B96A20 /* MainTabBarViewController.swift in Sources */,
				7623D1C6289D9C2100C57876 /* CollectionViewTableViewCell.swift in Sources */,
				762931A5289E9C7000A3B4BC /* APICaller.swift in Sources */,
				76F637B328A4142700F8B820 /* NetflixCloneModel.xcdatamodeld in Sources */,
				762931A3289E6A4E00A3B4BC /* HeroHeaderUIView.swift in Sources */,
				766A4E8F289C2A8100B96A20 /* DownloadsViewController.swift in Sources */,
				766A4E74289C203000B96A20 /* AppDelegate.swift in Sources */,
				76D5D34D28A17D350024DBE9 /* SearchResultsViewController.swift in Sources */,
				762931A9289EB28A00A3B4BC /* Extensions.swift in Sources */,
				76D5D35128A190490024DBE9 /* YoutubeSearchResponse.swift in Sources */,
				766A4E76289C203000B96A20 /* SceneDelegate.swift in Sources */,
				76B0F93128A2C6A200FDECC0 /* TitlePreviewViewModel.swift in Sources */,
				766A4E8B289C297A00B96A20 /* UpcomingViewController.swift in Sources */,
				76D5D35328A19E470024DBE9 /* TitlePreviewViewController.swift in Sources */,
				762931A7289EA36500A3B4BC /* Title.swift in Sources */,
				766A4E89289C290800B96A20 /* HomeViewController.swift in Sources */,
				768C3FE4289FCCCC00C8F75F /* TitleViewModel.swift in Sources */,
			);
			runOnlyForDeploymentPostprocessing = 0;
		};
/* End PBXSourcesBuildPhase section */

/* Begin PBXVariantGroup section */
		766A4E7E289C203300B96A20 /* LaunchScreen.storyboard */ = {
			isa = PBXVariantGroup;
			children = (
				766A4E7F289C203300B96A20 /* Base */,
			);
			name = LaunchScreen.storyboard;
			sourceTree = "<group>";
		};
/* End PBXVariantGroup section */

/* Begin XCBuildConfiguration section */
		766A4E82289C203300B96A20 /* Debug */ = {
			isa = XCBuildConfiguration;
			buildSettings = {
				ALWAYS_SEARCH_USER_PATHS = NO;
				CLANG_ANALYZER_NONNULL = YES;
				CLANG_ANALYZER_NUMBER_OBJECT_CONVERSION = YES_AGGRESSIVE;
				CLANG_CXX_LANGUAGE_STANDARD = "gnu++17";
				CLANG_ENABLE_MODULES = YES;
				CLANG_ENABLE_OBJC_ARC = YES;
				CLANG_ENABLE_OBJC_WEAK = YES;
				CLANG_WARN_BLOCK_CAPTURE_AUTORELEASING = YES;
				CLANG_WARN_BOOL_CONVERSION = YES;
				CLANG_WARN_COMMA = YES;
				CLANG_WARN_CONSTANT_CONVERSION = YES;
				CLANG_WARN_DEPRECATED_OBJC_IMPLEMENTATIONS = YES;
				CLANG_WARN_DIRECT_OBJC_ISA_USAGE = YES_ERROR;
				CLANG_WARN_DOCUMENTATION_COMMENTS = YES;
				CLANG_WARN_EMPTY_BODY = YES;
				CLANG_WARN_ENUM_CONVERSION = YES;
				CLANG_WARN_INFINITE_RECURSION = YES;
				CLANG_WARN_INT_CONVERSION = YES;
				CLANG_WARN_NON_LITERAL_NULL_CONVERSION = YES;
				CLANG_WARN_OBJC_IMPLICIT_RETAIN_SELF = YES;
				CLANG_WARN_OBJC_LITERAL_CONVERSION = YES;
				CLANG_WARN_OBJC_ROOT_CLASS = YES_ERROR;
				CLANG_WARN_QUOTED_INCLUDE_IN_FRAMEWORK_HEADER = YES;
				CLANG_WARN_RANGE_LOOP_ANALYSIS = YES;
				CLANG_WARN_STRICT_PROTOTYPES = YES;
				CLANG_WARN_SUSPICIOUS_MOVE = YES;
				CLANG_WARN_UNGUARDED_AVAILABILITY = YES_AGGRESSIVE;
				CLANG_WARN_UNREACHABLE_CODE = YES;
				CLANG_WARN__DUPLICATE_METHOD_MATCH = YES;
				COPY_PHASE_STRIP = NO;
				DEBUG_INFORMATION_FORMAT = dwarf;
				ENABLE_STRICT_OBJC_MSGSEND = YES;
				ENABLE_TESTABILITY = YES;
				GCC_C_LANGUAGE_STANDARD = gnu11;
				GCC_DYNAMIC_NO_PIC = NO;
				GCC_NO_COMMON_BLOCKS = YES;
				GCC_OPTIMIZATION_LEVEL = 0;
				GCC_PREPROCESSOR_DEFINITIONS = (
					"DEBUG=1",
					"$(inherited)",
				);
				GCC_WARN_64_TO_32_BIT_CONVERSION = YES;
				GCC_WARN_ABOUT_RETURN_TYPE = YES_ERROR;
				GCC_WARN_UNDECLARED_SELECTOR = YES;
				GCC_WARN_UNINITIALIZED_AUTOS = YES_AGGRESSIVE;
				GCC_WARN_UNUSED_FUNCTION = YES;
				GCC_WARN_UNUSED_VARIABLE = YES;
				IPHONEOS_DEPLOYMENT_TARGET = 15.5;
				MTL_ENABLE_DEBUG_INFO = INCLUDE_SOURCE;
				MTL_FAST_MATH = YES;
				ONLY_ACTIVE_ARCH = YES;
				SDKROOT = iphoneos;
				SWIFT_ACTIVE_COMPILATION_CONDITIONS = DEBUG;
				SWIFT_OPTIMIZATION_LEVEL = "-Onone";
			};
			name = Debug;
		};
		766A4E83289C203300B96A20 /* Release */ = {
			isa = XCBuildConfiguration;
			buildSettings = {
				ALWAYS_SEARCH_USER_PATHS = NO;
				CLANG_ANALYZER_NONNULL = YES;
				CLANG_ANALYZER_NUMBER_OBJECT_CONVERSION = YES_AGGRESSIVE;
				CLANG_CXX_LANGUAGE_STANDARD = "gnu++17";
				CLANG_ENABLE_MODULES = YES;
				CLANG_ENABLE_OBJC_ARC = YES;
				CLANG_ENABLE_OBJC_WEAK = YES;
				CLANG_WARN_BLOCK_CAPTURE_AUTORELEASING = YES;
				CLANG_WARN_BOOL_CONVERSION = YES;
				CLANG_WARN_COMMA = YES;
				CLANG_WARN_CONSTANT_CONVERSION = YES;
				CLANG_WARN_DEPRECATED_OBJC_IMPLEMENTATIONS = YES;
				CLANG_WARN_DIRECT_OBJC_ISA_USAGE = YES_ERROR;
				CLANG_WARN_DOCUMENTATION_COMMENTS = YES;
				CLANG_WARN_EMPTY_BODY = YES;
				CLANG_WARN_ENUM_CONVERSION = YES;
				CLANG_WARN_INFINITE_RECURSION = YES;
				CLANG_WARN_INT_CONVERSION = YES;
				CLANG_WARN_NON_LITERAL_NULL_CONVERSION = YES;
				CLANG_WARN_OBJC_IMPLICIT_RETAIN_SELF = YES;
				CLANG_WARN_OBJC_LITERAL_CONVERSION = YES;
				CLANG_WARN_OBJC_ROOT_CLASS = YES_ERROR;
				CLANG_WARN_QUOTED_INCLUDE_IN_FRAMEWORK_HEADER = YES;
				CLANG_WARN_RANGE_LOOP_ANALYSIS = YES;
				CLANG_WARN_STRICT_PROTOTYPES = YES;
				CLANG_WARN_SUSPICIOUS_MOVE = YES;
				CLANG_WARN_UNGUARDED_AVAILABILITY = YES_AGGRESSIVE;
				CLANG_WARN_UNREACHABLE_CODE = YES;
				CLANG_WARN__DUPLICATE_METHOD_MATCH = YES;
				COPY_PHASE_STRIP = NO;
				DEBUG_INFORMATION_FORMAT = "dwarf-with-dsym";
				ENABLE_NS_ASSERTIONS = NO;
				ENABLE_STRICT_OBJC_MSGSEND = YES;
				GCC_C_LANGUAGE_STANDARD = gnu11;
				GCC_NO_COMMON_BLOCKS = YES;
				GCC_WARN_64_TO_32_BIT_CONVERSION = YES;
				GCC_WARN_ABOUT_RETURN_TYPE = YES_ERROR;
				GCC_WARN_UNDECLARED_SELECTOR = YES;
				GCC_WARN_UNINITIALIZED_AUTOS = YES_AGGRESSIVE;
				GCC_WARN_UNUSED_FUNCTION = YES;
				GCC_WARN_UNUSED_VARIABLE = YES;
				IPHONEOS_DEPLOYMENT_TARGET = 15.5;
				MTL_ENABLE_DEBUG_INFO = NO;
				MTL_FAST_MATH = YES;
				SDKROOT = iphoneos;
				SWIFT_COMPILATION_MODE = wholemodule;
				SWIFT_OPTIMIZATION_LEVEL = "-O";
				VALIDATE_PRODUCT = YES;
			};
			name = Release;
		};
		766A4E85289C203300B96A20 /* Debug */ = {
			isa = XCBuildConfiguration;
			buildSettings = {
				ASSETCATALOG_COMPILER_APPICON_NAME = AppIcon;
				ASSETCATALOG_COMPILER_GLOBAL_ACCENT_COLOR_NAME = AccentColor;
				CODE_SIGN_STYLE = Automatic;
				CURRENT_PROJECT_VERSION = 1;
				DEVELOPMENT_TEAM = THGV2QJ4R5;
				GENERATE_INFOPLIST_FILE = YES;
				INFOPLIST_FILE = Netflix_Clone/Info.plist;
				INFOPLIST_KEY_UIApplicationSupportsIndirectInputEvents = YES;
				INFOPLIST_KEY_UILaunchStoryboardName = LaunchScreen;
				INFOPLIST_KEY_UISupportedInterfaceOrientations_iPad = "UIInterfaceOrientationPortrait UIInterfaceOrientationPortraitUpsideDown UIInterfaceOrientationLandscapeLeft UIInterfaceOrientationLandscapeRight";
				INFOPLIST_KEY_UISupportedInterfaceOrientations_iPhone = "UIInterfaceOrientationPortrait UIInterfaceOrientationLandscapeLeft UIInterfaceOrientationLandscapeRight";
				LD_RUNPATH_SEARCH_PATHS = (
					"$(inherited)",
					"@executable_path/Frameworks",
				);
				MARKETING_VERSION = 1.0;
				PRODUCT_BUNDLE_IDENTIFIER = "AleksandrKhristichenko.Netflix-Clone";
				PRODUCT_NAME = "$(TARGET_NAME)";
				SWIFT_EMIT_LOC_STRINGS = YES;
				SWIFT_VERSION = 5.0;
				TARGETED_DEVICE_FAMILY = "1,2";
			};
			name = Debug;
		};
		766A4E86289C203300B96A20 /* Release */ = {
			isa = XCBuildConfiguration;
			buildSettings = {
				ASSETCATALOG_COMPILER_APPICON_NAME = AppIcon;
				ASSETCATALOG_COMPILER_GLOBAL_ACCENT_COLOR_NAME = AccentColor;
				CODE_SIGN_STYLE = Automatic;
				CURRENT_PROJECT_VERSION = 1;
				DEVELOPMENT_TEAM = THGV2QJ4R5;
				GENERATE_INFOPLIST_FILE = YES;
				INFOPLIST_FILE = Netflix_Clone/Info.plist;
				INFOPLIST_KEY_UIApplicationSupportsIndirectInputEvents = YES;
				INFOPLIST_KEY_UILaunchStoryboardName = LaunchScreen;
				INFOPLIST_KEY_UISupportedInterfaceOrientations_iPad = "UIInterfaceOrientationPortrait UIInterfaceOrientationPortraitUpsideDown UIInterfaceOrientationLandscapeLeft UIInterfaceOrientationLandscapeRight";
				INFOPLIST_KEY_UISupportedInterfaceOrientations_iPhone = "UIInterfaceOrientationPortrait UIInterfaceOrientationLandscapeLeft UIInterfaceOrientationLandscapeRight";
				LD_RUNPATH_SEARCH_PATHS = (
					"$(inherited)",
					"@executable_path/Frameworks",
				);
				MARKETING_VERSION = 1.0;
				PRODUCT_BUNDLE_IDENTIFIER = "AleksandrKhristichenko.Netflix-Clone";
				PRODUCT_NAME = "$(TARGET_NAME)";
				SWIFT_EMIT_LOC_STRINGS = YES;
				SWIFT_VERSION = 5.0;
				TARGETED_DEVICE_FAMILY = "1,2";
			};
			name = Release;
		};
/* End XCBuildConfiguration section */

/* Begin XCConfigurationList section */
		766A4E6B289C203000B96A20 /* Build configuration list for PBXProject "Netflix_Clone" */ = {
			isa = XCConfigurationList;
			buildConfigurations = (
				766A4E82289C203300B96A20 /* Debug */,
				766A4E83289C203300B96A20 /* Release */,
			);
			defaultConfigurationIsVisible = 0;
			defaultConfigurationName = Release;
		};
		766A4E84289C203300B96A20 /* Build configuration list for PBXNativeTarget "Netflix_Clone" */ = {
			isa = XCConfigurationList;
			buildConfigurations = (
				766A4E85289C203300B96A20 /* Debug */,
				766A4E86289C203300B96A20 /* Release */,
			);
			defaultConfigurationIsVisible = 0;
			defaultConfigurationName = Release;
		};
/* End XCConfigurationList section */

/* Begin XCRemoteSwiftPackageReference section */
		762931AE289EC20200A3B4BC /* XCRemoteSwiftPackageReference "SDWebImage" */ = {
			isa = XCRemoteSwiftPackageReference;
			repositoryURL = "https://github.com/SDWebImage/SDWebImage.git";
			requirement = {
				branch = master;
				kind = branch;
			};
		};
/* End XCRemoteSwiftPackageReference section */

/* Begin XCSwiftPackageProductDependency section */
		762931AF289EC20200A3B4BC /* SDWebImage */ = {
			isa = XCSwiftPackageProductDependency;
			package = 762931AE289EC20200A3B4BC /* XCRemoteSwiftPackageReference "SDWebImage" */;
			productName = SDWebImage;
		};
		762931B1289EC20200A3B4BC /* SDWebImageMapKit */ = {
			isa = XCSwiftPackageProductDependency;
			package = 762931AE289EC20200A3B4BC /* XCRemoteSwiftPackageReference "SDWebImage" */;
			productName = SDWebImageMapKit;
		};
/* End XCSwiftPackageProductDependency section */

/* Begin XCVersionGroup section */
		76F637B128A4142700F8B820 /* NetflixCloneModel.xcdatamodeld */ = {
			isa = XCVersionGroup;
			children = (
				76F637B228A4142700F8B820 /* NetflixCloneModel.xcdatamodel */,
			);
			currentVersion = 76F637B228A4142700F8B820 /* NetflixCloneModel.xcdatamodel */;
			path = NetflixCloneModel.xcdatamodeld;
			sourceTree = "<group>";
			versionGroupType = wrapper.xcdatamodel;
		};
/* End XCVersionGroup section */
	};
	rootObject = 766A4E68289C203000B96A20 /* Project object */;
}
